
Microsoft Visual Studio Solution File, Format Version 12.00
Project("{2150E333-8FDC-42A3-9474-1A3956D46DE8}") = "src", "src", "{0D15F558-F902-4402-8488-73A5BBE9C741}"
EndProject
Project("{FAE04EC0-301F-11D3-BF4B-00C04F79EFBC}") = "Plugin.PortablePrinter.Droid", "src\Plugin.PortablePrinter.Droid\Plugin.PortablePrinter.Droid.csproj", "{43D81695-837C-441B-97E8-473DD4D63A05}"
EndProject
Global
	GlobalSection(SolutionConfigurationPlatforms) = preSolution
		Debug|Any CPU = Debug|Any CPU
		Release|Any CPU = Release|Any CPU
	EndGlobalSection
	GlobalSection(NestedProjects) = preSolution
		{43D81695-837C-441B-97E8-473DD4D63A05} = {0D15F558-F902-4402-8488-73A5BBE9C741}
	EndGlobalSection
	GlobalSection(ProjectConfigurationPlatforms) = postSolution
		{43D81695-837C-441B-97E8-473DD4D63A05}.Debug|Any CPU.ActiveCfg = Debug|Any CPU
		{43D81695-837C-441B-97E8-473DD4D63A05}.Debug|Any CPU.Build.0 = Debug|Any CPU
		{43D81695-837C-441B-97E8-473DD4D63A05}.Release|Any CPU.ActiveCfg = Release|Any CPU
		{43D81695-837C-441B-97E8-473DD4D63A05}.Release|Any CPU.Build.0 = Release|Any CPU
	EndGlobalSection
EndGlobal
